
Microsoft Visual Studio Solution File, Format Version 12.00
# Visual Studio 2012
Project("{FAE04EC0-301F-11D3-BF4B-00C04F79EFBC}") = "RemotingObject", "RemotingObject\RemotingObject.csproj", "{2D7258C6-B106-4103-B89A-024BC89144C5}"
EndProject
Project("{FAE04EC0-301F-11D3-BF4B-00C04F79EFBC}") = "RemotingClient", "RemotingClient\RemotingClient.csproj", "{AB9FEAE9-13CC-43B0-8E92-7647BE14DBDA}"
EndProject
Project("{FAE04EC0-301F-11D3-BF4B-00C04F79EFBC}") = "RemotingServerHost", "RemotingServerHost\RemotingServerHost.csproj", "{F2D9DB60-2B73-4D4E-BF68-B11F28214633}"
EndProject
Project("{FAE04EC0-301F-11D3-BF4B-00C04F79EFBC}") = "RemotingClientByConfig", "RemotingClientByConfig\RemotingClientByConfig.csproj", "{34EB110E-7A6F-4640-8847-F15E042EE7B1}"
EndProject
Project("{FAE04EC0-301F-11D3-BF4B-00C04F79EFBC}") = "RemotingServerHostByConfig", "RemotingServerHostByConfig\RemotingServerHostByConfig.csproj", "{E82F37A5-8DE0-4432-9A83-31C24E3CD5DB}"
EndProject
Global
	GlobalSection(SolutionConfigurationPlatforms) = preSolution
		Debug|Any CPU = Debug|Any CPU
		Release|Any CPU = Release|Any CPU
	EndGlobalSection
	GlobalSection(ProjectConfigurationPlatforms) = postSolution
		{2D7258C6-B106-4103-B89A-024BC89144C5}.Debug|Any CPU.ActiveCfg = Debug|Any CPU
		{2D7258C6-B106-4103-B89A-024BC89144C5}.Debug|Any CPU.Build.0 = Debug|Any CPU
		{2D7258C6-B106-4103-B89A-024BC89144C5}.Release|Any CPU.ActiveCfg = Release|Any CPU
		{2D7258C6-B106-4103-B89A-024BC89144C5}.Release|Any CPU.Build.0 = Release|Any CPU
		{AB9FEAE9-13CC-43B0-8E92-7647BE14DBDA}.Debug|Any CPU.ActiveCfg = Debug|Any CPU
		{AB9FEAE9-13CC-43B0-8E92-7647BE14DBDA}.Debug|Any CPU.Build.0 = Debug|Any CPU
		{AB9FEAE9-13CC-43B0-8E92-7647BE14DBDA}.Release|Any CPU.ActiveCfg = Release|Any CPU
		{AB9FEAE9-13CC-43B0-8E92-7647BE14DBDA}.Release|Any CPU.Build.0 = Release|Any CPU
		{F2D9DB60-2B73-4D4E-BF68-B11F28214633}.Debug|Any CPU.ActiveCfg = Debug|Any CPU
		{F2D9DB60-2B73-4D4E-BF68-B11F28214633}.Debug|Any CPU.Build.0 = Debug|Any CPU
		{F2D9DB60-2B73-4D4E-BF68-B11F28214633}.Release|Any CPU.ActiveCfg = Release|Any CPU
		{F2D9DB60-2B73-4D4E-BF68-B11F28214633}.Release|Any CPU.Build.0 = Release|Any CPU
		{34EB110E-7A6F-4640-8847-F15E042EE7B1}.Debug|Any CPU.ActiveCfg = Debug|Any CPU
		{34EB110E-7A6F-4640-8847-F15E042EE7B1}.Debug|Any CPU.Build.0 = Debug|Any CPU
		{34EB110E-7A6F-4640-8847-F15E042EE7B1}.Release|Any CPU.ActiveCfg = Release|Any CPU
		{34EB110E-7A6F-4640-8847-F15E042EE7B1}.Release|Any CPU.Build.0 = Release|Any CPU
		{E82F37A5-8DE0-4432-9A83-31C24E3CD5DB}.Debug|Any CPU.ActiveCfg = Debug|Any CPU
		{E82F37A5-8DE0-4432-9A83-31C24E3CD5DB}.Debug|Any CPU.Build.0 = Debug|Any CPU
		{E82F37A5-8DE0-4432-9A83-31C24E3CD5DB}.Release|Any CPU.ActiveCfg = Release|Any CPU
		{E82F37A5-8DE0-4432-9A83-31C24E3CD5DB}.Release|Any CPU.Build.0 = Release|Any CPU
	EndGlobalSection
	GlobalSection(SolutionProperties) = preSolution
		HideSolutionNode = FALSE
	EndGlobalSection
EndGlobal
