
Microsoft Visual Studio Solution File, Format Version 12.00
# Visual Studio Version 17
VisualStudioVersion = 17.0.32014.148
MinimumVisualStudioVersion = 10.0.40219.1
Project("{FAE04EC0-301F-11D3-BF4B-00C04F79EFBC}") = "RunQinBusiness", "RunQinBusiness\RunQinBusiness.csproj", "{09CC5ED7-2E39-4330-AE43-3CD803211BFE}"
EndProject
Project("{FAE04EC0-301F-11D3-BF4B-00C04F79EFBC}") = "CodeBase", "CodeBase\CodeBase.csproj", "{01E5C827-AF97-48F6-8CDF-613E36ED5586}"
EndProject
Project("{FAE04EC0-301F-11D3-BF4B-00C04F79EFBC}") = "DataConnectionBase", "DataConnectionBase\DataConnectionBase.csproj", "{8DF73054-333A-4721-9D5F-E3326B158CB1}"
EndProject
Project("{FAE04EC0-301F-11D3-BF4B-00C04F79EFBC}") = "RunQinWebServiceServer", "RunQinWebServiceServer\RunQinWebServiceServer.csproj", "{3A913747-1232-42AF-A34D-FB930743D756}"
EndProject
Project("{FAE04EC0-301F-11D3-BF4B-00C04F79EFBC}") = "WinFormClient", "WinFormClient\WinFormClient.csproj", "{04CB1128-6C26-4F9E-94C2-CFB8E8CCB399}"
EndProject
Global
	GlobalSection(SolutionConfigurationPlatforms) = preSolution
		Debug|Any CPU = Debug|Any CPU
		Release|Any CPU = Release|Any CPU
	EndGlobalSection
	GlobalSection(ProjectConfigurationPlatforms) = postSolution
		{09CC5ED7-2E39-4330-AE43-3CD803211BFE}.Debug|Any CPU.ActiveCfg = Debug|Any CPU
		{09CC5ED7-2E39-4330-AE43-3CD803211BFE}.Debug|Any CPU.Build.0 = Debug|Any CPU
		{09CC5ED7-2E39-4330-AE43-3CD803211BFE}.Release|Any CPU.ActiveCfg = Release|Any CPU
		{09CC5ED7-2E39-4330-AE43-3CD803211BFE}.Release|Any CPU.Build.0 = Release|Any CPU
		{01E5C827-AF97-48F6-8CDF-613E36ED5586}.Debug|Any CPU.ActiveCfg = Debug|Any CPU
		{01E5C827-AF97-48F6-8CDF-613E36ED5586}.Debug|Any CPU.Build.0 = Debug|Any CPU
		{01E5C827-AF97-48F6-8CDF-613E36ED5586}.Release|Any CPU.ActiveCfg = Release|Any CPU
		{01E5C827-AF97-48F6-8CDF-613E36ED5586}.Release|Any CPU.Build.0 = Release|Any CPU
		{8DF73054-333A-4721-9D5F-E3326B158CB1}.Debug|Any CPU.ActiveCfg = Debug|Any CPU
		{8DF73054-333A-4721-9D5F-E3326B158CB1}.Debug|Any CPU.Build.0 = Debug|Any CPU
		{8DF73054-333A-4721-9D5F-E3326B158CB1}.Release|Any CPU.ActiveCfg = Release|Any CPU
		{8DF73054-333A-4721-9D5F-E3326B158CB1}.Release|Any CPU.Build.0 = Release|Any CPU
		{3A913747-1232-42AF-A34D-FB930743D756}.Debug|Any CPU.ActiveCfg = Debug|Any CPU
		{3A913747-1232-42AF-A34D-FB930743D756}.Debug|Any CPU.Build.0 = Debug|Any CPU
		{3A913747-1232-42AF-A34D-FB930743D756}.Release|Any CPU.ActiveCfg = Release|Any CPU
		{3A913747-1232-42AF-A34D-FB930743D756}.Release|Any CPU.Build.0 = Release|Any CPU
		{04CB1128-6C26-4F9E-94C2-CFB8E8CCB399}.Debug|Any CPU.ActiveCfg = Debug|Any CPU
		{04CB1128-6C26-4F9E-94C2-CFB8E8CCB399}.Debug|Any CPU.Build.0 = Debug|Any CPU
		{04CB1128-6C26-4F9E-94C2-CFB8E8CCB399}.Release|Any CPU.ActiveCfg = Release|Any CPU
		{04CB1128-6C26-4F9E-94C2-CFB8E8CCB399}.Release|Any CPU.Build.0 = Release|Any CPU
	EndGlobalSection
	GlobalSection(SolutionProperties) = preSolution
		HideSolutionNode = FALSE
	EndGlobalSection
	GlobalSection(ExtensibilityGlobals) = postSolution
		SolutionGuid = {FDC046E8-27C5-4FD2-9257-5B41E8A21B98}
	EndGlobalSection
EndGlobal
