
Microsoft Visual Studio Solution File, Format Version 12.00
# Visual Studio 2012
Project("{FAE04EC0-301F-11D3-BF4B-00C04F79EFBC}") = "MSMQServer", "MSMQServer\MSMQServer.csproj", "{C0D28C27-866C-4FE5-9AD0-9F240284B5DA}"
EndProject
Project("{FAE04EC0-301F-11D3-BF4B-00C04F79EFBC}") = "MSMQClient", "MSMQClient\MSMQClient.csproj", "{B601E8AE-BA0C-418D-B69A-36C26ED7B126}"
EndProject
Global
	GlobalSection(SolutionConfigurationPlatforms) = preSolution
		Debug|Any CPU = Debug|Any CPU
		Release|Any CPU = Release|Any CPU
	EndGlobalSection
	GlobalSection(ProjectConfigurationPlatforms) = postSolution
		{C0D28C27-866C-4FE5-9AD0-9F240284B5DA}.Debug|Any CPU.ActiveCfg = Debug|Any CPU
		{C0D28C27-866C-4FE5-9AD0-9F240284B5DA}.Debug|Any CPU.Build.0 = Debug|Any CPU
		{C0D28C27-866C-4FE5-9AD0-9F240284B5DA}.Release|Any CPU.ActiveCfg = Release|Any CPU
		{C0D28C27-866C-4FE5-9AD0-9F240284B5DA}.Release|Any CPU.Build.0 = Release|Any CPU
		{B601E8AE-BA0C-418D-B69A-36C26ED7B126}.Debug|Any CPU.ActiveCfg = Debug|Any CPU
		{B601E8AE-BA0C-418D-B69A-36C26ED7B126}.Debug|Any CPU.Build.0 = Debug|Any CPU
		{B601E8AE-BA0C-418D-B69A-36C26ED7B126}.Release|Any CPU.ActiveCfg = Release|Any CPU
		{B601E8AE-BA0C-418D-B69A-36C26ED7B126}.Release|Any CPU.Build.0 = Release|Any CPU
	EndGlobalSection
	GlobalSection(SolutionProperties) = preSolution
		HideSolutionNode = FALSE
	EndGlobalSection
EndGlobal
