
Microsoft Visual Studio Solution File, Format Version 12.00
# Visual Studio Version 17
VisualStudioVersion = 17.3.32929.385
MinimumVisualStudioVersion = 10.0.40219.1
Project("{FAE04EC0-301F-11D3-BF4B-00C04F79EFBC}") = "WCFContractAndService", "WCFContractAndService\WCFContractAndService.csproj", "{15B3E0D2-6217-493A-A690-158C497F5318}"
EndProject
Project("{FAE04EC0-301F-11D3-BF4B-00C04F79EFBC}") = "HostByConsoleApp", "HostByConsoleApp\HostByConsoleApp.csproj", "{12AD30DE-76B2-4F97-A0D7-5BD253955AE7}"
EndProject
Project("{FAE04EC0-301F-11D3-BF4B-00C04F79EFBC}") = "ConsoleClient", "ConsoleClient\ConsoleClient.csproj", "{B44116FE-B642-4F76-AB5E-15CAB8E14A5E}"
EndProject
Global
	GlobalSection(SolutionConfigurationPlatforms) = preSolution
		Debug|Any CPU = Debug|Any CPU
		Release|Any CPU = Release|Any CPU
	EndGlobalSection
	GlobalSection(ProjectConfigurationPlatforms) = postSolution
		{15B3E0D2-6217-493A-A690-158C497F5318}.Debug|Any CPU.ActiveCfg = Debug|Any CPU
		{15B3E0D2-6217-493A-A690-158C497F5318}.Debug|Any CPU.Build.0 = Debug|Any CPU
		{15B3E0D2-6217-493A-A690-158C497F5318}.Release|Any CPU.ActiveCfg = Release|Any CPU
		{15B3E0D2-6217-493A-A690-158C497F5318}.Release|Any CPU.Build.0 = Release|Any CPU
		{12AD30DE-76B2-4F97-A0D7-5BD253955AE7}.Debug|Any CPU.ActiveCfg = Debug|Any CPU
		{12AD30DE-76B2-4F97-A0D7-5BD253955AE7}.Debug|Any CPU.Build.0 = Debug|Any CPU
		{12AD30DE-76B2-4F97-A0D7-5BD253955AE7}.Release|Any CPU.ActiveCfg = Release|Any CPU
		{12AD30DE-76B2-4F97-A0D7-5BD253955AE7}.Release|Any CPU.Build.0 = Release|Any CPU
		{B44116FE-B642-4F76-AB5E-15CAB8E14A5E}.Debug|Any CPU.ActiveCfg = Debug|Any CPU
		{B44116FE-B642-4F76-AB5E-15CAB8E14A5E}.Debug|Any CPU.Build.0 = Debug|Any CPU
		{B44116FE-B642-4F76-AB5E-15CAB8E14A5E}.Release|Any CPU.ActiveCfg = Release|Any CPU
		{B44116FE-B642-4F76-AB5E-15CAB8E14A5E}.Release|Any CPU.Build.0 = Release|Any CPU
	EndGlobalSection
	GlobalSection(SolutionProperties) = preSolution
		HideSolutionNode = FALSE
	EndGlobalSection
	GlobalSection(ExtensibilityGlobals) = postSolution
		SolutionGuid = {98BB100F-5D75-4380-B683-FC71CC80FFE7}
	EndGlobalSection
EndGlobal
