
Microsoft Visual Studio Solution File, Format Version 12.00
# Visual Studio 2012
Project("{FAE04EC0-301F-11D3-BF4B-00C04F79EFBC}") = "WebServiceClient", "WebServiceClient\WebServiceClient.csproj", "{546AEC5F-1E7B-4779-910A-F43710F2C386}"
	ProjectSection(ProjectDependencies) = postProject
		{91BEA447-1D4A-4F51-B395-DB45D53D56DB} = {91BEA447-1D4A-4F51-B395-DB45D53D56DB}
	EndProjectSection
EndProject
Project("{FAE04EC0-301F-11D3-BF4B-00C04F79EFBC}") = "WebService", "WebService\WebService.csproj", "{91BEA447-1D4A-4F51-B395-DB45D53D56DB}"
EndProject
Project("{FAE04EC0-301F-11D3-BF4B-00C04F79EFBC}") = "WebServiceUserValidation", "WebServiceUserValidation\WebServiceUserValidation.csproj", "{019B5012-1E37-4840-8591-8C354D708E0C}"
EndProject
Global
	GlobalSection(SolutionConfigurationPlatforms) = preSolution
		Debug|Any CPU = Debug|Any CPU
		Release|Any CPU = Release|Any CPU
	EndGlobalSection
	GlobalSection(ProjectConfigurationPlatforms) = postSolution
		{546AEC5F-1E7B-4779-910A-F43710F2C386}.Debug|Any CPU.ActiveCfg = Debug|Any CPU
		{546AEC5F-1E7B-4779-910A-F43710F2C386}.Debug|Any CPU.Build.0 = Debug|Any CPU
		{546AEC5F-1E7B-4779-910A-F43710F2C386}.Release|Any CPU.ActiveCfg = Release|Any CPU
		{546AEC5F-1E7B-4779-910A-F43710F2C386}.Release|Any CPU.Build.0 = Release|Any CPU
		{91BEA447-1D4A-4F51-B395-DB45D53D56DB}.Debug|Any CPU.ActiveCfg = Debug|Any CPU
		{91BEA447-1D4A-4F51-B395-DB45D53D56DB}.Debug|Any CPU.Build.0 = Debug|Any CPU
		{91BEA447-1D4A-4F51-B395-DB45D53D56DB}.Release|Any CPU.ActiveCfg = Release|Any CPU
		{91BEA447-1D4A-4F51-B395-DB45D53D56DB}.Release|Any CPU.Build.0 = Release|Any CPU
		{019B5012-1E37-4840-8591-8C354D708E0C}.Debug|Any CPU.ActiveCfg = Debug|Any CPU
		{019B5012-1E37-4840-8591-8C354D708E0C}.Debug|Any CPU.Build.0 = Debug|Any CPU
		{019B5012-1E37-4840-8591-8C354D708E0C}.Release|Any CPU.ActiveCfg = Release|Any CPU
		{019B5012-1E37-4840-8591-8C354D708E0C}.Release|Any CPU.Build.0 = Release|Any CPU
	EndGlobalSection
	GlobalSection(SolutionProperties) = preSolution
		HideSolutionNode = FALSE
	EndGlobalSection
EndGlobal
